
Microsoft Visual Studio Solution File, Format Version 12.00
# Visual Studio Version 16
VisualStudioVersion = 16.0.28922.388
MinimumVisualStudioVersion = 10.0.40219.1
Project("{9A19103F-16F7-4668-BE54-9A1E7A4F7556}") = "StraightInject", "StraightInject\StraightInject.csproj", "{80FAE612-5166-4619-ADE1-99E930C0B08B}"
EndProject
Project("{9A19103F-16F7-4668-BE54-9A1E7A4F7556}") = "StraightInject.Core", "StraightInject.Core\StraightInject.Core.csproj", "{ED7DD871-798D-4742-B58B-E5BDCABEFCF4}"
EndProject
Project("{9A19103F-16F7-4668-BE54-9A1E7A4F7556}") = "StraightInject.Core.Tests", "StraightInject.Core.Tests\StraightInject.Core.Tests.csproj", "{B82366C0-50FB-410B-97B9-024BA7CA75C3}"
EndProject
Project("{9A19103F-16F7-4668-BE54-9A1E7A4F7556}") = "StraightInject.Core.Benchmarks", "StraightInject.Core.Benchmarks\StraightInject.Core.Benchmarks.csproj", "{FB432990-A706-4020-BB5C-65A50C2B6BF3}"
EndProject
Project("{FAE04EC0-301F-11D3-BF4B-00C04F79EFBC}") = "StraightInject.FakeAssembly.Container", "StraightInject.FakeAssembly.Container\StraightInject.FakeAssembly.Container.csproj", "{ABFC984A-B189-4B31-9ECB-50714BDD5D8E}"
EndProject
Global
	GlobalSection(SolutionConfigurationPlatforms) = preSolution
		Debug|Any CPU = Debug|Any CPU
		Release|Any CPU = Release|Any CPU
	EndGlobalSection
	GlobalSection(ProjectConfigurationPlatforms) = postSolution
		{80FAE612-5166-4619-ADE1-99E930C0B08B}.Debug|Any CPU.ActiveCfg = Debug|Any CPU
		{80FAE612-5166-4619-ADE1-99E930C0B08B}.Debug|Any CPU.Build.0 = Debug|Any CPU
		{80FAE612-5166-4619-ADE1-99E930C0B08B}.Release|Any CPU.ActiveCfg = Release|Any CPU
		{80FAE612-5166-4619-ADE1-99E930C0B08B}.Release|Any CPU.Build.0 = Release|Any CPU
		{ED7DD871-798D-4742-B58B-E5BDCABEFCF4}.Debug|Any CPU.ActiveCfg = Debug|Any CPU
		{ED7DD871-798D-4742-B58B-E5BDCABEFCF4}.Debug|Any CPU.Build.0 = Debug|Any CPU
		{ED7DD871-798D-4742-B58B-E5BDCABEFCF4}.Release|Any CPU.ActiveCfg = Release|Any CPU
		{ED7DD871-798D-4742-B58B-E5BDCABEFCF4}.Release|Any CPU.Build.0 = Release|Any CPU
		{B82366C0-50FB-410B-97B9-024BA7CA75C3}.Debug|Any CPU.ActiveCfg = Debug|Any CPU
		{B82366C0-50FB-410B-97B9-024BA7CA75C3}.Debug|Any CPU.Build.0 = Debug|Any CPU
		{B82366C0-50FB-410B-97B9-024BA7CA75C3}.Release|Any CPU.ActiveCfg = Release|Any CPU
		{B82366C0-50FB-410B-97B9-024BA7CA75C3}.Release|Any CPU.Build.0 = Release|Any CPU
		{FB432990-A706-4020-BB5C-65A50C2B6BF3}.Debug|Any CPU.ActiveCfg = Debug|Any CPU
		{FB432990-A706-4020-BB5C-65A50C2B6BF3}.Debug|Any CPU.Build.0 = Debug|Any CPU
		{FB432990-A706-4020-BB5C-65A50C2B6BF3}.Release|Any CPU.ActiveCfg = Release|Any CPU
		{FB432990-A706-4020-BB5C-65A50C2B6BF3}.Release|Any CPU.Build.0 = Release|Any CPU
		{ABFC984A-B189-4B31-9ECB-50714BDD5D8E}.Debug|Any CPU.ActiveCfg = Debug|Any CPU
		{ABFC984A-B189-4B31-9ECB-50714BDD5D8E}.Debug|Any CPU.Build.0 = Debug|Any CPU
		{ABFC984A-B189-4B31-9ECB-50714BDD5D8E}.Release|Any CPU.ActiveCfg = Release|Any CPU
		{ABFC984A-B189-4B31-9ECB-50714BDD5D8E}.Release|Any CPU.Build.0 = Release|Any CPU
	EndGlobalSection
	GlobalSection(SolutionProperties) = preSolution
		HideSolutionNode = FALSE
	EndGlobalSection
	GlobalSection(ExtensibilityGlobals) = postSolution
		SolutionGuid = {C4096144-B107-47E8-B4A5-B4C241745CD7}
	EndGlobalSection
EndGlobal
